// !$*UTF8*$!
{
	archiveVersion = 1;
	classes = {
	};
	objectVersion = 48;
	objects = {

/* Begin PBXBuildFile section */
		8AD581301FD0368900BE9372 /* AppDelegate.swift in Sources */ = {isa = PBXBuildFile; fileRef = 8AD5812F1FD0368900BE9372 /* AppDelegate.swift */; };
		8AD581351FD0368900BE9372 /* Main.storyboard in Resources */ = {isa = PBXBuildFile; fileRef = 8AD581331FD0368900BE9372 /* Main.storyboard */; };
		8AD581371FD0368900BE9372 /* Assets.xcassets in Resources */ = {isa = PBXBuildFile; fileRef = 8AD581361FD0368900BE9372 /* Assets.xcassets */; };
		8AD5813A1FD0368900BE9372 /* LaunchScreen.storyboard in Resources */ = {isa = PBXBuildFile; fileRef = 8AD581381FD0368900BE9372 /* LaunchScreen.storyboard */; };
		8AD581421FD0372B00BE9372 /* GraphTableViewController.swift in Sources */ = {isa = PBXBuildFile; fileRef = 8AD581411FD0372B00BE9372 /* GraphTableViewController.swift */; };
		8AD581461FD037E500BE9372 /* GraphTableViewCell.swift in Sources */ = {isa = PBXBuildFile; fileRef = 8AD581451FD037E500BE9372 /* GraphTableViewCell.swift */; };
		8AD581481FD0395C00BE9372 /* PointTableViewController.swift in Sources */ = {isa = PBXBuildFile; fileRef = 8AD581471FD0395C00BE9372 /* PointTableViewController.swift */; };
		8AD5814E1FD03D4300BE9372 /* Graph.swift in Sources */ = {isa = PBXBuildFile; fileRef = 8AD5814D1FD03D4300BE9372 /* Graph.swift */; };
		8AD581501FD03D5B00BE9372 /* Point.swift in Sources */ = {isa = PBXBuildFile; fileRef = 8AD5814F1FD03D5B00BE9372 /* Point.swift */; };
		8AD581541FD0471700BE9372 /* ValueGraphView.swift in Sources */ = {isa = PBXBuildFile; fileRef = 8AD581531FD0471700BE9372 /* ValueGraphView.swift */; };
		8AD581561FD048A400BE9372 /* UIColor+Hex.swift in Sources */ = {isa = PBXBuildFile; fileRef = 8AD581551FD048A400BE9372 /* UIColor+Hex.swift */; };
		8AD581581FD04B4200BE9372 /* GraphViewController.swift in Sources */ = {isa = PBXBuildFile; fileRef = 8AD581571FD04B4200BE9372 /* GraphViewController.swift */; };
		8AD5815A1FD051C300BE9372 /* PointViewController.swift in Sources */ = {isa = PBXBuildFile; fileRef = 8AD581591FD051C300BE9372 /* PointViewController.swift */; };
/* End PBXBuildFile section */

/* Begin PBXFileReference section */
		8AD5812C1FD0368900BE9372 /* Grapher.app */ = {isa = PBXFileReference; explicitFileType = wrapper.application; includeInIndex = 0; path = Grapher.app; sourceTree = BUILT_PRODUCTS_DIR; };
		8AD5812F1FD0368900BE9372 /* AppDelegate.swift */ = {isa = PBXFileReference; lastKnownFileType = sourcecode.swift; path = AppDelegate.swift; sourceTree = "<group>"; };
		8AD581341FD0368900BE9372 /* Base */ = {isa = PBXFileReference; lastKnownFileType = file.storyboard; name = Base; path = Base.lproj/Main.storyboard; sourceTree = "<group>"; };
		8AD581361FD0368900BE9372 /* Assets.xcassets */ = {isa = PBXFileReference; lastKnownFileType = folder.assetcatalog; path = Assets.xcassets; sourceTree = "<group>"; };
		8AD581391FD0368900BE9372 /* Base */ = {isa = PBXFileReference; lastKnownFileType = file.storyboard; name = Base; path = Base.lproj/LaunchScreen.storyboard; sourceTree = "<group>"; };
		8AD5813B1FD0368900BE9372 /* Info.plist */ = {isa = PBXFileReference; lastKnownFileType = text.plist.xml; path = Info.plist; sourceTree = "<group>"; };
		8AD581411FD0372B00BE9372 /* GraphTableViewController.swift */ = {isa = PBXFileReference; lastKnownFileType = sourcecode.swift; path = GraphTableViewController.swift; sourceTree = "<group>"; };
		8AD581451FD037E500BE9372 /* GraphTableViewCell.swift */ = {isa = PBXFileReference; lastKnownFileType = sourcecode.swift; path = GraphTableViewCell.swift; sourceTree = "<group>"; };
		8AD581471FD0395C00BE9372 /* PointTableViewController.swift */ = {isa = PBXFileReference; lastKnownFileType = sourcecode.swift; path = PointTableViewController.swift; sourceTree = "<group>"; };
		8AD5814D1FD03D4300BE9372 /* Graph.swift */ = {isa = PBXFileReference; lastKnownFileType = sourcecode.swift; path = Graph.swift; sourceTree = "<group>"; };
		8AD5814F1FD03D5B00BE9372 /* Point.swift */ = {isa = PBXFileReference; lastKnownFileType = sourcecode.swift; path = Point.swift; sourceTree = "<group>"; };
		8AD581531FD0471700BE9372 /* ValueGraphView.swift */ = {isa = PBXFileReference; lastKnownFileType = sourcecode.swift; path = ValueGraphView.swift; sourceTree = "<group>"; };
		8AD581551FD048A400BE9372 /* UIColor+Hex.swift */ = {isa = PBXFileReference; lastKnownFileType = sourcecode.swift; path = "UIColor+Hex.swift"; sourceTree = "<group>"; };
		8AD581571FD04B4200BE9372 /* GraphViewController.swift */ = {isa = PBXFileReference; lastKnownFileType = sourcecode.swift; path = GraphViewController.swift; sourceTree = "<group>"; };
		8AD581591FD051C300BE9372 /* PointViewController.swift */ = {isa = PBXFileReference; lastKnownFileType = sourcecode.swift; path = PointViewController.swift; sourceTree = "<group>"; };
/* End PBXFileReference section */

/* Begin PBXFrameworksBuildPhase section */
		8AD581291FD0368900BE9372 /* Frameworks */ = {
			isa = PBXFrameworksBuildPhase;
			buildActionMask = 2147483647;
			files = (
			);
			runOnlyForDeploymentPostprocessing = 0;
		};
/* End PBXFrameworksBuildPhase section */

/* Begin PBXGroup section */
		8AD581231FD0368900BE9372 = {
			isa = PBXGroup;
			children = (
				8AD581491FD03D0300BE9372 /* Source */,
				8AD581521FD03D9C00BE9372 /* Resources */,
				8AD5812D1FD0368900BE9372 /* Products */,
			);
			sourceTree = "<group>";
		};
		8AD5812D1FD0368900BE9372 /* Products */ = {
			isa = PBXGroup;
			children = (
				8AD5812C1FD0368900BE9372 /* Grapher.app */,
			);
			name = Products;
			sourceTree = "<group>";
		};
		8AD581491FD03D0300BE9372 /* Source */ = {
			isa = PBXGroup;
			children = (
				8AD5814A1FD03D1200BE9372 /* Entity */,
				8AD5814B1FD03D1B00BE9372 /* Graph Table */,
				8AD5814C1FD03D2D00BE9372 /* Point Table */,
				8AD581511FD03D8600BE9372 /* Utilities */,
			);
			path = Source;
			sourceTree = "<group>";
		};
		8AD5814A1FD03D1200BE9372 /* Entity */ = {
			isa = PBXGroup;
			children = (
				8AD5814D1FD03D4300BE9372 /* Graph.swift */,
				8AD5814F1FD03D5B00BE9372 /* Point.swift */,
			);
			path = Entity;
			sourceTree = "<group>";
		};
		8AD5814B1FD03D1B00BE9372 /* Graph Table */ = {
			isa = PBXGroup;
			children = (
				8AD581411FD0372B00BE9372 /* GraphTableViewController.swift */,
				8AD581451FD037E500BE9372 /* GraphTableViewCell.swift */,
				8AD581531FD0471700BE9372 /* ValueGraphView.swift */,
				8AD581571FD04B4200BE9372 /* GraphViewController.swift */,
			);
			path = "Graph Table";
			sourceTree = "<group>";
		};
		8AD5814C1FD03D2D00BE9372 /* Point Table */ = {
			isa = PBXGroup;
			children = (
				8AD581471FD0395C00BE9372 /* PointTableViewController.swift */,
				8AD581591FD051C300BE9372 /* PointViewController.swift */,
			);
			path = "Point Table";
			sourceTree = "<group>";
		};
		8AD581511FD03D8600BE9372 /* Utilities */ = {
			isa = PBXGroup;
			children = (
				8AD5812F1FD0368900BE9372 /* AppDelegate.swift */,
				8AD581551FD048A400BE9372 /* UIColor+Hex.swift */,
			);
			path = Utilities;
			sourceTree = "<group>";
		};
		8AD581521FD03D9C00BE9372 /* Resources */ = {
			isa = PBXGroup;
			children = (
				8AD581331FD0368900BE9372 /* Main.storyboard */,
				8AD581381FD0368900BE9372 /* LaunchScreen.storyboard */,
				8AD5813B1FD0368900BE9372 /* Info.plist */,
				8AD581361FD0368900BE9372 /* Assets.xcassets */,
			);
			path = Resources;
			sourceTree = "<group>";
		};
/* End PBXGroup section */

/* Begin PBXNativeTarget section */
		8AD5812B1FD0368900BE9372 /* Grapher */ = {
			isa = PBXNativeTarget;
			buildConfigurationList = 8AD5813E1FD0368900BE9372 /* Build configuration list for PBXNativeTarget "Grapher" */;
			buildPhases = (
				8AD581281FD0368900BE9372 /* Sources */,
				8AD581291FD0368900BE9372 /* Frameworks */,
				8AD5812A1FD0368900BE9372 /* Resources */,
			);
			buildRules = (
			);
			dependencies = (
			);
			name = Grapher;
			productName = Grapher;
			productReference = 8AD5812C1FD0368900BE9372 /* Grapher.app */;
			productType = "com.apple.product-type.application";
		};
/* End PBXNativeTarget section */

/* Begin PBXProject section */
		8AD581241FD0368900BE9372 /* Project object */ = {
			isa = PBXProject;
			attributes = {
				LastSwiftUpdateCheck = 0910;
				LastUpgradeCheck = 0910;
				ORGANIZATIONNAME = "Alexey Donov";
				TargetAttributes = {
					8AD5812B1FD0368900BE9372 = {
						CreatedOnToolsVersion = 9.1;
						ProvisioningStyle = Automatic;
					};
				};
			};
			buildConfigurationList = 8AD581271FD0368900BE9372 /* Build configuration list for PBXProject "Grapher" */;
			compatibilityVersion = "Xcode 8.0";
			developmentRegion = en;
			hasScannedForEncodings = 0;
			knownRegions = (
				en,
				Base,
			);
			mainGroup = 8AD581231FD0368900BE9372;
			productRefGroup = 8AD5812D1FD0368900BE9372 /* Products */;
			projectDirPath = "";
			projectRoot = "";
			targets = (
				8AD5812B1FD0368900BE9372 /* Grapher */,
			);
		};
/* End PBXProject section */

/* Begin PBXResourcesBuildPhase section */
		8AD5812A1FD0368900BE9372 /* Resources */ = {
			isa = PBXResourcesBuildPhase;
			buildActionMask = 2147483647;
			files = (
				8AD5813A1FD0368900BE9372 /* LaunchScreen.storyboard in Resources */,
				8AD581371FD0368900BE9372 /* Assets.xcassets in Resources */,
				8AD581351FD0368900BE9372 /* Main.storyboard in Resources */,
			);
			runOnlyForDeploymentPostprocessing = 0;
		};
/* End PBXResourcesBuildPhase section */

/* Begin PBXSourcesBuildPhase section */
		8AD581281FD0368900BE9372 /* Sources */ = {
			isa = PBXSourcesBuildPhase;
			buildActionMask = 2147483647;
			files = (
				8AD581581FD04B4200BE9372 /* GraphViewController.swift in Sources */,
				8AD581541FD0471700BE9372 /* ValueGraphView.swift in Sources */,
				8AD581561FD048A400BE9372 /* UIColor+Hex.swift in Sources */,
				8AD5814E1FD03D4300BE9372 /* Graph.swift in Sources */,
				8AD581461FD037E500BE9372 /* GraphTableViewCell.swift in Sources */,
				8AD5815A1FD051C300BE9372 /* PointViewController.swift in Sources */,
				8AD581421FD0372B00BE9372 /* GraphTableViewController.swift in Sources */,
				8AD581501FD03D5B00BE9372 /* Point.swift in Sources */,
				8AD581301FD0368900BE9372 /* AppDelegate.swift in Sources */,
				8AD581481FD0395C00BE9372 /* PointTableViewController.swift in Sources */,
			);
			runOnlyForDeploymentPostprocessing = 0;
		};
/* End PBXSourcesBuildPhase section */

/* Begin PBXVariantGroup section */
		8AD581331FD0368900BE9372 /* Main.storyboard */ = {
			isa = PBXVariantGroup;
			children = (
				8AD581341FD0368900BE9372 /* Base */,
			);
			name = Main.storyboard;
			sourceTree = "<group>";
		};
		8AD581381FD0368900BE9372 /* LaunchScreen.storyboard */ = {
			isa = PBXVariantGroup;
			children = (
				8AD581391FD0368900BE9372 /* Base */,
			);
			name = LaunchScreen.storyboard;
			sourceTree = "<group>";
		};
/* End PBXVariantGroup section */

/* Begin XCBuildConfiguration section */
		8AD5813C1FD0368900BE9372 /* Debug */ = {
			isa = XCBuildConfiguration;
			buildSettings = {
				ALWAYS_SEARCH_USER_PATHS = NO;
				CLANG_ANALYZER_NONNULL = YES;
				CLANG_ANALYZER_NUMBER_OBJECT_CONVERSION = YES_AGGRESSIVE;
				CLANG_CXX_LANGUAGE_STANDARD = "gnu++14";
				CLANG_CXX_LIBRARY = "libc++";
				CLANG_ENABLE_MODULES = YES;
				CLANG_ENABLE_OBJC_ARC = YES;
				CLANG_WARN_BLOCK_CAPTURE_AUTORELEASING = YES;
				CLANG_WARN_BOOL_CONVERSION = YES;
				CLANG_WARN_COMMA = YES;
				CLANG_WARN_CONSTANT_CONVERSION = YES;
				CLANG_WARN_DIRECT_OBJC_ISA_USAGE = YES_ERROR;
				CLANG_WARN_DOCUMENTATION_COMMENTS = YES;
				CLANG_WARN_EMPTY_BODY = YES;
				CLANG_WARN_ENUM_CONVERSION = YES;
				CLANG_WARN_INFINITE_RECURSION = YES;
				CLANG_WARN_INT_CONVERSION = YES;
				CLANG_WARN_NON_LITERAL_NULL_CONVERSION = YES;
				CLANG_WARN_OBJC_LITERAL_CONVERSION = YES;
				CLANG_WARN_OBJC_ROOT_CLASS = YES_ERROR;
				CLANG_WARN_RANGE_LOOP_ANALYSIS = YES;
				CLANG_WARN_STRICT_PROTOTYPES = YES;
				CLANG_WARN_SUSPICIOUS_MOVE = YES;
				CLANG_WARN_UNGUARDED_AVAILABILITY = YES_AGGRESSIVE;
				CLANG_WARN_UNREACHABLE_CODE = YES;
				CLANG_WARN__DUPLICATE_METHOD_MATCH = YES;
				CODE_SIGN_IDENTITY = "iPhone Developer";
				COPY_PHASE_STRIP = NO;
				DEBUG_INFORMATION_FORMAT = dwarf;
				ENABLE_STRICT_OBJC_MSGSEND = YES;
				ENABLE_TESTABILITY = YES;
				GCC_C_LANGUAGE_STANDARD = gnu11;
				GCC_DYNAMIC_NO_PIC = NO;
				GCC_NO_COMMON_BLOCKS = YES;
				GCC_OPTIMIZATION_LEVEL = 0;
				GCC_PREPROCESSOR_DEFINITIONS = (
					"DEBUG=1",
					"$(inherited)",
				);
				GCC_WARN_64_TO_32_BIT_CONVERSION = YES;
				GCC_WARN_ABOUT_RETURN_TYPE = YES_ERROR;
				GCC_WARN_UNDECLARED_SELECTOR = YES;
				GCC_WARN_UNINITIALIZED_AUTOS = YES_AGGRESSIVE;
				GCC_WARN_UNUSED_FUNCTION = YES;
				GCC_WARN_UNUSED_VARIABLE = YES;
				IPHONEOS_DEPLOYMENT_TARGET = 11.1;
				MTL_ENABLE_DEBUG_INFO = YES;
				ONLY_ACTIVE_ARCH = YES;
				SDKROOT = iphoneos;
				SWIFT_ACTIVE_COMPILATION_CONDITIONS = DEBUG;
				SWIFT_OPTIMIZATION_LEVEL = "-Onone";
			};
			name = Debug;
		};
		8AD5813D1FD0368900BE9372 /* Release */ = {
			isa = XCBuildConfiguration;
			buildSettings = {
				ALWAYS_SEARCH_USER_PATHS = NO;
				CLANG_ANALYZER_NONNULL = YES;
				CLANG_ANALYZER_NUMBER_OBJECT_CONVERSION = YES_AGGRESSIVE;
				CLANG_CXX_LANGUAGE_STANDARD = "gnu++14";
				CLANG_CXX_LIBRARY = "libc++";
				CLANG_ENABLE_MODULES = YES;
				CLANG_ENABLE_OBJC_ARC = YES;
				CLANG_WARN_BLOCK_CAPTURE_AUTORELEASING = YES;
				CLANG_WARN_BOOL_CONVERSION = YES;
				CLANG_WARN_COMMA = YES;
				CLANG_WARN_CONSTANT_CONVERSION = YES;
				CLANG_WARN_DIRECT_OBJC_ISA_USAGE = YES_ERROR;
				CLANG_WARN_DOCUMENTATION_COMMENTS = YES;
				CLANG_WARN_EMPTY_BODY = YES;
				CLANG_WARN_ENUM_CONVERSION = YES;
				CLANG_WARN_INFINITE_RECURSION = YES;
				CLANG_WARN_INT_CONVERSION = YES;
				CLANG_WARN_NON_LITERAL_NULL_CONVERSION = YES;
				CLANG_WARN_OBJC_LITERAL_CONVERSION = YES;
				CLANG_WARN_OBJC_ROOT_CLASS = YES_ERROR;
				CLANG_WARN_RANGE_LOOP_ANALYSIS = YES;
				CLANG_WARN_STRICT_PROTOTYPES = YES;
				CLANG_WARN_SUSPICIOUS_MOVE = YES;
				CLANG_WARN_UNGUARDED_AVAILABILITY = YES_AGGRESSIVE;
				CLANG_WARN_UNREACHABLE_CODE = YES;
				CLANG_WARN__DUPLICATE_METHOD_MATCH = YES;
				CODE_SIGN_IDENTITY = "iPhone Developer";
				COPY_PHASE_STRIP = NO;
				DEBUG_INFORMATION_FORMAT = "dwarf-with-dsym";
				ENABLE_NS_ASSERTIONS = NO;
				ENABLE_STRICT_OBJC_MSGSEND = YES;
				GCC_C_LANGUAGE_STANDARD = gnu11;
				GCC_NO_COMMON_BLOCKS = YES;
				GCC_WARN_64_TO_32_BIT_CONVERSION = YES;
				GCC_WARN_ABOUT_RETURN_TYPE = YES_ERROR;
				GCC_WARN_UNDECLARED_SELECTOR = YES;
				GCC_WARN_UNINITIALIZED_AUTOS = YES_AGGRESSIVE;
				GCC_WARN_UNUSED_FUNCTION = YES;
				GCC_WARN_UNUSED_VARIABLE = YES;
				IPHONEOS_DEPLOYMENT_TARGET = 11.1;
				MTL_ENABLE_DEBUG_INFO = NO;
				SDKROOT = iphoneos;
				SWIFT_OPTIMIZATION_LEVEL = "-Owholemodule";
				VALIDATE_PRODUCT = YES;
			};
			name = Release;
		};
		8AD5813F1FD0368900BE9372 /* Debug */ = {
			isa = XCBuildConfiguration;
			buildSettings = {
				ASSETCATALOG_COMPILER_APPICON_NAME = AppIcon;
				CODE_SIGN_STYLE = Automatic;
				DEVELOPMENT_TEAM = JU3E5H79L6;
				INFOPLIST_FILE = "$(SRCROOT)/Resources/Info.plist";
				LD_RUNPATH_SEARCH_PATHS = "$(inherited) @executable_path/Frameworks";
				OTHER_SWIFT_FLAGS = "-Onone";
				PRODUCT_BUNDLE_IDENTIFIER = com.alexeydonov.Grapher;
				PRODUCT_NAME = "$(TARGET_NAME)";
				SWIFT_OPTIMIZATION_LEVEL = "-Owholemodule";
				SWIFT_VERSION = 4.0;
				TARGETED_DEVICE_FAMILY = "1,2";
			};
			name = Debug;
		};
		8AD581401FD0368900BE9372 /* Release */ = {
			isa = XCBuildConfiguration;
			buildSettings = {
				ASSETCATALOG_COMPILER_APPICON_NAME = AppIcon;
				CODE_SIGN_STYLE = Automatic;
				DEVELOPMENT_TEAM = JU3E5H79L6;
				INFOPLIST_FILE = "$(SRCROOT)/Resources/Info.plist";
				LD_RUNPATH_SEARCH_PATHS = "$(inherited) @executable_path/Frameworks";
				OTHER_SWIFT_FLAGS = "";
				PRODUCT_BUNDLE_IDENTIFIER = com.alexeydonov.Grapher;
				PRODUCT_NAME = "$(TARGET_NAME)";
				SWIFT_VERSION = 4.0;
				TARGETED_DEVICE_FAMILY = "1,2";
			};
			name = Release;
		};
/* End XCBuildConfiguration section */

/* Begin XCConfigurationList section */
		8AD581271FD0368900BE9372 /* Build configuration list for PBXProject "Grapher" */ = {
			isa = XCConfigurationList;
			buildConfigurations = (
				8AD5813C1FD0368900BE9372 /* Debug */,
				8AD5813D1FD0368900BE9372 /* Release */,
			);
			defaultConfigurationIsVisible = 0;
			defaultConfigurationName = Release;
		};
		8AD5813E1FD0368900BE9372 /* Build configuration list for PBXNativeTarget "Grapher" */ = {
			isa = XCConfigurationList;
			buildConfigurations = (
				8AD5813F1FD0368900BE9372 /* Debug */,
				8AD581401FD0368900BE9372 /* Release */,
			);
			defaultConfigurationIsVisible = 0;
			defaultConfigurationName = Release;
		};
/* End XCConfigurationList section */
	};
	rootObject = 8AD581241FD0368900BE9372 /* Project object */;
}
